// !$*UTF8*$!
{
	archiveVersion = 1;
	classes = {
	};
	objectVersion = 56;
	objects = {

/* Begin PBXBuildFile section */
		7D287E8028ED91A5001DC406 /* TestOSLoggerApp.swift in Sources */ = {isa = PBXBuildFile; fileRef = 7D287E7F28ED91A5001DC406 /* TestOSLoggerApp.swift */; };
		7D287E8228ED91A5001DC406 /* ContentView.swift in Sources */ = {isa = PBXBuildFile; fileRef = 7D287E8128ED91A5001DC406 /* ContentView.swift */; };
		7D287E8428ED91AA001DC406 /* Assets.xcassets in Resources */ = {isa = PBXBuildFile; fileRef = 7D287E8328ED91AA001DC406 /* Assets.xcassets */; };
		7D287E8728ED91AA001DC406 /* Preview Assets.xcassets in Resources */ = {isa = PBXBuildFile; fileRef = 7D287E8628ED91AA001DC406 /* Preview Assets.xcassets */; };
		7D287E9228ED91DD001DC406 /* Extension+OSLogEntry.swift in Sources */ = {isa = PBXBuildFile; fileRef = 7D287E8D28ED91DD001DC406 /* Extension+OSLogEntry.swift */; };
		7D287E9328ED91DD001DC406 /* LogView.swift in Sources */ = {isa = PBXBuildFile; fileRef = 7D287E8E28ED91DD001DC406 /* LogView.swift */; };
		7D287E9428ED91DD001DC406 /* Extension+OSLogEntryLevel.swift in Sources */ = {isa = PBXBuildFile; fileRef = 7D287E8F28ED91DD001DC406 /* Extension+OSLogEntryLevel.swift */; };
		7D287E9528ED91DD001DC406 /* LogCategory.swift in Sources */ = {isa = PBXBuildFile; fileRef = 7D287E9028ED91DD001DC406 /* LogCategory.swift */; };
		7D287E9628ED91DD001DC406 /* LogStore.swift in Sources */ = {isa = PBXBuildFile; fileRef = 7D287E9128ED91DD001DC406 /* LogStore.swift */; };
		7D93CA4029106B7600F557C9 /* TestOSLogger.docc in Sources */ = {isa = PBXBuildFile; fileRef = 7D93CA3F29106B7600F557C9 /* TestOSLogger.docc */; };
/* End PBXBuildFile section */

/* Begin PBXFileReference section */
		7D287E7C28ED91A5001DC406 /* TestOSLogger.app */ = {isa = PBXFileReference; explicitFileType = wrapper.application; includeInIndex = 0; path = TestOSLogger.app; sourceTree = BUILT_PRODUCTS_DIR; };
		7D287E7F28ED91A5001DC406 /* TestOSLoggerApp.swift */ = {isa = PBXFileReference; lastKnownFileType = sourcecode.swift; path = TestOSLoggerApp.swift; sourceTree = "<group>"; };
		7D287E8128ED91A5001DC406 /* ContentView.swift */ = {isa = PBXFileReference; lastKnownFileType = sourcecode.swift; path = ContentView.swift; sourceTree = "<group>"; };
		7D287E8328ED91AA001DC406 /* Assets.xcassets */ = {isa = PBXFileReference; lastKnownFileType = folder.assetcatalog; path = Assets.xcassets; sourceTree = "<group>"; };
		7D287E8628ED91AA001DC406 /* Preview Assets.xcassets */ = {isa = PBXFileReference; lastKnownFileType = folder.assetcatalog; path = "Preview Assets.xcassets"; sourceTree = "<group>"; };
		7D287E8D28ED91DD001DC406 /* Extension+OSLogEntry.swift */ = {isa = PBXFileReference; fileEncoding = 4; lastKnownFileType = sourcecode.swift; path = "Extension+OSLogEntry.swift"; sourceTree = "<group>"; };
		7D287E8E28ED91DD001DC406 /* LogView.swift */ = {isa = PBXFileReference; fileEncoding = 4; lastKnownFileType = sourcecode.swift; path = LogView.swift; sourceTree = "<group>"; };
		7D287E8F28ED91DD001DC406 /* Extension+OSLogEntryLevel.swift */ = {isa = PBXFileReference; fileEncoding = 4; lastKnownFileType = sourcecode.swift; path = "Extension+OSLogEntryLevel.swift"; sourceTree = "<group>"; };
		7D287E9028ED91DD001DC406 /* LogCategory.swift */ = {isa = PBXFileReference; fileEncoding = 4; lastKnownFileType = sourcecode.swift; path = LogCategory.swift; sourceTree = "<group>"; };
		7D287E9128ED91DD001DC406 /* LogStore.swift */ = {isa = PBXFileReference; fileEncoding = 4; lastKnownFileType = sourcecode.swift; path = LogStore.swift; sourceTree = "<group>"; };
		7D93CA3F29106B7600F557C9 /* TestOSLogger.docc */ = {isa = PBXFileReference; lastKnownFileType = folder.documentationcatalog; path = TestOSLogger.docc; sourceTree = "<group>"; };
/* End PBXFileReference section */

/* Begin PBXFrameworksBuildPhase section */
		7D287E7928ED91A5001DC406 /* Frameworks */ = {
			isa = PBXFrameworksBuildPhase;
			buildActionMask = 2147483647;
			files = (
			);
			runOnlyForDeploymentPostprocessing = 0;
		};
/* End PBXFrameworksBuildPhase section */

/* Begin PBXGroup section */
		7D287E7328ED91A5001DC406 = {
			isa = PBXGroup;
			children = (
				7D287E7E28ED91A5001DC406 /* TestOSLogger */,
				7D287E7D28ED91A5001DC406 /* Products */,
			);
			sourceTree = "<group>";
		};
		7D287E7D28ED91A5001DC406 /* Products */ = {
			isa = PBXGroup;
			children = (
				7D287E7C28ED91A5001DC406 /* TestOSLogger.app */,
			);
			name = Products;
			sourceTree = "<group>";
		};
		7D287E7E28ED91A5001DC406 /* TestOSLogger */ = {
			isa = PBXGroup;
			children = (
				7D93CA3F29106B7600F557C9 /* TestOSLogger.docc */,
				7D287E8D28ED91DD001DC406 /* Extension+OSLogEntry.swift */,
				7D287E8F28ED91DD001DC406 /* Extension+OSLogEntryLevel.swift */,
				7D287E9028ED91DD001DC406 /* LogCategory.swift */,
				7D287E9128ED91DD001DC406 /* LogStore.swift */,
				7D287E8E28ED91DD001DC406 /* LogView.swift */,
				7D287E7F28ED91A5001DC406 /* TestOSLoggerApp.swift */,
				7D287E8128ED91A5001DC406 /* ContentView.swift */,
				7D287E8328ED91AA001DC406 /* Assets.xcassets */,
				7D287E8528ED91AA001DC406 /* Preview Content */,
			);
			path = TestOSLogger;
			sourceTree = "<group>";
		};
		7D287E8528ED91AA001DC406 /* Preview Content */ = {
			isa = PBXGroup;
			children = (
				7D287E8628ED91AA001DC406 /* Preview Assets.xcassets */,
			);
			path = "Preview Content";
			sourceTree = "<group>";
		};
/* End PBXGroup section */

/* Begin PBXNativeTarget section */
		7D287E7B28ED91A5001DC406 /* TestOSLogger */ = {
			isa = PBXNativeTarget;
			buildConfigurationList = 7D287E8A28ED91AA001DC406 /* Build configuration list for PBXNativeTarget "TestOSLogger" */;
			buildPhases = (
				7D287E7828ED91A5001DC406 /* Sources */,
				7D287E7928ED91A5001DC406 /* Frameworks */,
				7D287E7A28ED91A5001DC406 /* Resources */,
			);
			buildRules = (
			);
			dependencies = (
			);
			name = TestOSLogger;
			productName = TestOSLogger;
			productReference = 7D287E7C28ED91A5001DC406 /* TestOSLogger.app */;
			productType = "com.apple.product-type.application";
		};
/* End PBXNativeTarget section */

/* Begin PBXProject section */
		7D287E7428ED91A5001DC406 /* Project object */ = {
			isa = PBXProject;
			attributes = {
				BuildIndependentTargetsInParallel = 1;
				LastSwiftUpdateCheck = 1400;
				LastUpgradeCheck = 1400;
				TargetAttributes = {
					7D287E7B28ED91A5001DC406 = {
						CreatedOnToolsVersion = 14.0;
					};
				};
			};
			buildConfigurationList = 7D287E7728ED91A5001DC406 /* Build configuration list for PBXProject "TestOSLogger" */;
			compatibilityVersion = "Xcode 14.0";
			developmentRegion = en;
			hasScannedForEncodings = 0;
			knownRegions = (
				en,
				Base,
			);
			mainGroup = 7D287E7328ED91A5001DC406;
			productRefGroup = 7D287E7D28ED91A5001DC406 /* Products */;
			projectDirPath = "";
			projectRoot = "";
			targets = (
				7D287E7B28ED91A5001DC406 /* TestOSLogger */,
			);
		};
/* End PBXProject section */

/* Begin PBXResourcesBuildPhase section */
		7D287E7A28ED91A5001DC406 /* Resources */ = {
			isa = PBXResourcesBuildPhase;
			buildActionMask = 2147483647;
			files = (
				7D287E8728ED91AA001DC406 /* Preview Assets.xcassets in Resources */,
				7D287E8428ED91AA001DC406 /* Assets.xcassets in Resources */,
			);
			runOnlyForDeploymentPostprocessing = 0;
		};
/* End PBXResourcesBuildPhase section */

/* Begin PBXSourcesBuildPhase section */
		7D287E7828ED91A5001DC406 /* Sources */ = {
			isa = PBXSourcesBuildPhase;
			buildActionMask = 2147483647;
			files = (
				7D287E8228ED91A5001DC406 /* ContentView.swift in Sources */,
				7D287E9428ED91DD001DC406 /* Extension+OSLogEntryLevel.swift in Sources */,
				7D93CA4029106B7600F557C9 /* TestOSLogger.docc in Sources */,
				7D287E9328ED91DD001DC406 /* LogView.swift in Sources */,
				7D287E9228ED91DD001DC406 /* Extension+OSLogEntry.swift in Sources */,
				7D287E9528ED91DD001DC406 /* LogCategory.swift in Sources */,
				7D287E9628ED91DD001DC406 /* LogStore.swift in Sources */,
				7D287E8028ED91A5001DC406 /* TestOSLoggerApp.swift in Sources */,
			);
			runOnlyForDeploymentPostprocessing = 0;
		};
/* End PBXSourcesBuildPhase section */

/* Begin XCBuildConfiguration section */
		7D287E8828ED91AA001DC406 /* Debug */ = {
			isa = XCBuildConfiguration;
			buildSettings = {
				ALWAYS_SEARCH_USER_PATHS = NO;
				CLANG_ANALYZER_NONNULL = YES;
				CLANG_ANALYZER_NUMBER_OBJECT_CONVERSION = YES_AGGRESSIVE;
				CLANG_CXX_LANGUAGE_STANDARD = "gnu++20";
				CLANG_ENABLE_MODULES = YES;
				CLANG_ENABLE_OBJC_ARC = YES;
				CLANG_ENABLE_OBJC_WEAK = YES;
				CLANG_WARN_BLOCK_CAPTURE_AUTORELEASING = YES;
				CLANG_WARN_BOOL_CONVERSION = YES;
				CLANG_WARN_COMMA = YES;
				CLANG_WARN_CONSTANT_CONVERSION = YES;
				CLANG_WARN_DEPRECATED_OBJC_IMPLEMENTATIONS = YES;
				CLANG_WARN_DIRECT_OBJC_ISA_USAGE = YES_ERROR;
				CLANG_WARN_DOCUMENTATION_COMMENTS = YES;
				CLANG_WARN_EMPTY_BODY = YES;
				CLANG_WARN_ENUM_CONVERSION = YES;
				CLANG_WARN_INFINITE_RECURSION = YES;
				CLANG_WARN_INT_CONVERSION = YES;
				CLANG_WARN_NON_LITERAL_NULL_CONVERSION = YES;
				CLANG_WARN_OBJC_IMPLICIT_RETAIN_SELF = YES;
				CLANG_WARN_OBJC_LITERAL_CONVERSION = YES;
				CLANG_WARN_OBJC_ROOT_CLASS = YES_ERROR;
				CLANG_WARN_QUOTED_INCLUDE_IN_FRAMEWORK_HEADER = YES;
				CLANG_WARN_RANGE_LOOP_ANALYSIS = YES;
				CLANG_WARN_STRICT_PROTOTYPES = YES;
				CLANG_WARN_SUSPICIOUS_MOVE = YES;
				CLANG_WARN_UNGUARDED_AVAILABILITY = YES_AGGRESSIVE;
				CLANG_WARN_UNREACHABLE_CODE = YES;
				CLANG_WARN__DUPLICATE_METHOD_MATCH = YES;
				COPY_PHASE_STRIP = NO;
				DEBUG_INFORMATION_FORMAT = dwarf;
				DOCC_HOSTING_BASE_PATH = OSLogStoreExample;
				ENABLE_STRICT_OBJC_MSGSEND = YES;
				ENABLE_TESTABILITY = YES;
				GCC_C_LANGUAGE_STANDARD = gnu11;
				GCC_DYNAMIC_NO_PIC = NO;
				GCC_NO_COMMON_BLOCKS = YES;
				GCC_OPTIMIZATION_LEVEL = 0;
				GCC_PREPROCESSOR_DEFINITIONS = (
					"DEBUG=1",
					"$(inherited)",
				);
				GCC_WARN_64_TO_32_BIT_CONVERSION = YES;
				GCC_WARN_ABOUT_RETURN_TYPE = YES_ERROR;
				GCC_WARN_UNDECLARED_SELECTOR = YES;
				GCC_WARN_UNINITIALIZED_AUTOS = YES_AGGRESSIVE;
				GCC_WARN_UNUSED_FUNCTION = YES;
				GCC_WARN_UNUSED_VARIABLE = YES;
				IPHONEOS_DEPLOYMENT_TARGET = 16.0;
				MTL_ENABLE_DEBUG_INFO = INCLUDE_SOURCE;
				MTL_FAST_MATH = YES;
				ONLY_ACTIVE_ARCH = YES;
				SDKROOT = iphoneos;
				SWIFT_ACTIVE_COMPILATION_CONDITIONS = DEBUG;
				SWIFT_OPTIMIZATION_LEVEL = "-Onone";
			};
			name = Debug;
		};
		7D287E8928ED91AA001DC406 /* Release */ = {
			isa = XCBuildConfiguration;
			buildSettings = {
				ALWAYS_SEARCH_USER_PATHS = NO;
				CLANG_ANALYZER_NONNULL = YES;
				CLANG_ANALYZER_NUMBER_OBJECT_CONVERSION = YES_AGGRESSIVE;
				CLANG_CXX_LANGUAGE_STANDARD = "gnu++20";
				CLANG_ENABLE_MODULES = YES;
				CLANG_ENABLE_OBJC_ARC = YES;
				CLANG_ENABLE_OBJC_WEAK = YES;
				CLANG_WARN_BLOCK_CAPTURE_AUTORELEASING = YES;
				CLANG_WARN_BOOL_CONVERSION = YES;
				CLANG_WARN_COMMA = YES;
				CLANG_WARN_CONSTANT_CONVERSION = YES;
				CLANG_WARN_DEPRECATED_OBJC_IMPLEMENTATIONS = YES;
				CLANG_WARN_DIRECT_OBJC_ISA_USAGE = YES_ERROR;
				CLANG_WARN_DOCUMENTATION_COMMENTS = YES;
				CLANG_WARN_EMPTY_BODY = YES;
				CLANG_WARN_ENUM_CONVERSION = YES;
				CLANG_WARN_INFINITE_RECURSION = YES;
				CLANG_WARN_INT_CONVERSION = YES;
				CLANG_WARN_NON_LITERAL_NULL_CONVERSION = YES;
				CLANG_WARN_OBJC_IMPLICIT_RETAIN_SELF = YES;
				CLANG_WARN_OBJC_LITERAL_CONVERSION = YES;
				CLANG_WARN_OBJC_ROOT_CLASS = YES_ERROR;
				CLANG_WARN_QUOTED_INCLUDE_IN_FRAMEWORK_HEADER = YES;
				CLANG_WARN_RANGE_LOOP_ANALYSIS = YES;
				CLANG_WARN_STRICT_PROTOTYPES = YES;
				CLANG_WARN_SUSPICIOUS_MOVE = YES;
				CLANG_WARN_UNGUARDED_AVAILABILITY = YES_AGGRESSIVE;
				CLANG_WARN_UNREACHABLE_CODE = YES;
				CLANG_WARN__DUPLICATE_METHOD_MATCH = YES;
				COPY_PHASE_STRIP = NO;
				DEBUG_INFORMATION_FORMAT = "dwarf-with-dsym";
				DOCC_HOSTING_BASE_PATH = OSLogStoreExample;
				ENABLE_NS_ASSERTIONS = NO;
				ENABLE_STRICT_OBJC_MSGSEND = YES;
				GCC_C_LANGUAGE_STANDARD = gnu11;
				GCC_NO_COMMON_BLOCKS = YES;
				GCC_WARN_64_TO_32_BIT_CONVERSION = YES;
				GCC_WARN_ABOUT_RETURN_TYPE = YES_ERROR;
				GCC_WARN_UNDECLARED_SELECTOR = YES;
				GCC_WARN_UNINITIALIZED_AUTOS = YES_AGGRESSIVE;
				GCC_WARN_UNUSED_FUNCTION = YES;
				GCC_WARN_UNUSED_VARIABLE = YES;
				IPHONEOS_DEPLOYMENT_TARGET = 16.0;
				MTL_ENABLE_DEBUG_INFO = NO;
				MTL_FAST_MATH = YES;
				SDKROOT = iphoneos;
				SWIFT_COMPILATION_MODE = wholemodule;
				SWIFT_OPTIMIZATION_LEVEL = "-O";
				VALIDATE_PRODUCT = YES;
			};
			name = Release;
		};
		7D287E8B28ED91AA001DC406 /* Debug */ = {
			isa = XCBuildConfiguration;
			buildSettings = {
				ASSETCATALOG_COMPILER_APPICON_NAME = AppIcon;
				ASSETCATALOG_COMPILER_GLOBAL_ACCENT_COLOR_NAME = AccentColor;
				CODE_SIGN_STYLE = Automatic;
				CURRENT_PROJECT_VERSION = 1;
				DEVELOPMENT_ASSET_PATHS = "\"TestOSLogger/Preview Content\"";
				DEVELOPMENT_TEAM = 6H4HRTU5E3;
				DOCC_EXEC = "/Users/erik.gadireddi/Desktop/workspace/tools/swift-docc/.build/debug/docc";
				DOCC_HTML_DIR = "/Users/erik.gadireddi/Desktop/workspace/tools/swift-docc-render-artifact/dist";
				ENABLE_PREVIEWS = YES;
				GENERATE_INFOPLIST_FILE = YES;
				INFOPLIST_KEY_UIApplicationSceneManifest_Generation = YES;
				INFOPLIST_KEY_UIApplicationSupportsIndirectInputEvents = YES;
				INFOPLIST_KEY_UILaunchScreen_Generation = YES;
				INFOPLIST_KEY_UISupportedInterfaceOrientations_iPad = "UIInterfaceOrientationPortrait UIInterfaceOrientationPortraitUpsideDown UIInterfaceOrientationLandscapeLeft UIInterfaceOrientationLandscapeRight";
				INFOPLIST_KEY_UISupportedInterfaceOrientations_iPhone = "UIInterfaceOrientationPortrait UIInterfaceOrientationLandscapeLeft UIInterfaceOrientationLandscapeRight";
				IPHONEOS_DEPLOYMENT_TARGET = 15.0;
				LD_RUNPATH_SEARCH_PATHS = (
					"$(inherited)",
					"@executable_path/Frameworks",
				);
				MARKETING_VERSION = 1.0;
				OTHER_DOCC_FLAGS = "--source-service github --source-service-base-url https://github.com/gadireddi226/OSLogStoreExample/blob/main --checkout-path /Users/erik.gadireddi/Desktop/test_project/OSLogStoreExample";
				PRODUCT_BUNDLE_IDENTIFIER = test.app.TestOSLogger;
				PRODUCT_NAME = "$(TARGET_NAME)";
				SWIFT_EMIT_LOC_STRINGS = YES;
				SWIFT_VERSION = 5.0;
				TARGETED_DEVICE_FAMILY = "1,2";
			};
			name = Debug;
		};
		7D287E8C28ED91AA001DC406 /* Release */ = {
			isa = XCBuildConfiguration;
			buildSettings = {
				ASSETCATALOG_COMPILER_APPICON_NAME = AppIcon;
				ASSETCATALOG_COMPILER_GLOBAL_ACCENT_COLOR_NAME = AccentColor;
				CODE_SIGN_STYLE = Automatic;
				CURRENT_PROJECT_VERSION = 1;
				DEVELOPMENT_ASSET_PATHS = "\"TestOSLogger/Preview Content\"";
				DEVELOPMENT_TEAM = 6H4HRTU5E3;
				DOCC_EXEC = "/Users/erik.gadireddi/Desktop/workspace/tools/swift-docc/.build/debug/docc";
				DOCC_HTML_DIR = "/Users/erik.gadireddi/Desktop/workspace/tools/swift-docc-render-artifact/dist";
				ENABLE_PREVIEWS = YES;
				GENERATE_INFOPLIST_FILE = YES;
				INFOPLIST_KEY_UIApplicationSceneManifest_Generation = YES;
				INFOPLIST_KEY_UIApplicationSupportsIndirectInputEvents = YES;
				INFOPLIST_KEY_UILaunchScreen_Generation = YES;
				INFOPLIST_KEY_UISupportedInterfaceOrientations_iPad = "UIInterfaceOrientationPortrait UIInterfaceOrientationPortraitUpsideDown UIInterfaceOrientationLandscapeLeft UIInterfaceOrientationLandscapeRight";
				INFOPLIST_KEY_UISupportedInterfaceOrientations_iPhone = "UIInterfaceOrientationPortrait UIInterfaceOrientationLandscapeLeft UIInterfaceOrientationLandscapeRight";
				IPHONEOS_DEPLOYMENT_TARGET = 15.0;
				LD_RUNPATH_SEARCH_PATHS = (
					"$(inherited)",
					"@executable_path/Frameworks",
				);
				MARKETING_VERSION = 1.0;
				OTHER_DOCC_FLAGS = "--source-service github --source-service-base-url https://github.com/gadireddi226/OSLogStoreExample/blob/main --checkout-path /Users/erik.gadireddi/Desktop/test_project/OSLogStoreExample";
				PRODUCT_BUNDLE_IDENTIFIER = test.app.TestOSLogger;
				PRODUCT_NAME = "$(TARGET_NAME)";
				SWIFT_EMIT_LOC_STRINGS = YES;
				SWIFT_VERSION = 5.0;
				TARGETED_DEVICE_FAMILY = "1,2";
			};
			name = Release;
		};
/* End XCBuildConfiguration section */

/* Begin XCConfigurationList section */
		7D287E7728ED91A5001DC406 /* Build configuration list for PBXProject "TestOSLogger" */ = {
			isa = XCConfigurationList;
			buildConfigurations = (
				7D287E8828ED91AA001DC406 /* Debug */,
				7D287E8928ED91AA001DC406 /* Release */,
			);
			defaultConfigurationIsVisible = 0;
			defaultConfigurationName = Release;
		};
		7D287E8A28ED91AA001DC406 /* Build configuration list for PBXNativeTarget "TestOSLogger" */ = {
			isa = XCConfigurationList;
			buildConfigurations = (
				7D287E8B28ED91AA001DC406 /* Debug */,
				7D287E8C28ED91AA001DC406 /* Release */,
			);
			defaultConfigurationIsVisible = 0;
			defaultConfigurationName = Release;
		};
/* End XCConfigurationList section */
	};
	rootObject = 7D287E7428ED91A5001DC406 /* Project object */;
}
